
Microsoft Visual Studio Solution File, Format Version 12.00
# Visual Studio Version 16
VisualStudioVersion = 16.0.31025.194
MinimumVisualStudioVersion = 10.0.40219.1
Project("{FAE04EC0-301F-11D3-BF4B-00C04F79EFBC}") = "Cheewbacca_PDFSharp", "Cheewbacca_PDFSharp.csproj", "{DFF63643-5369-476B-BF4C-1D577AB6D7B6}"
EndProject
Global
	GlobalSection(SolutionConfigurationPlatforms) = preSolution
		Debug|Any CPU = Debug|Any CPU
		Release|Any CPU = Release|Any CPU
	EndGlobalSection
	GlobalSection(ProjectConfigurationPlatforms) = postSolution
		{DFF63643-5369-476B-BF4C-1D577AB6D7B6}.Debug|Any CPU.ActiveCfg = Debug|Any CPU
		{DFF63643-5369-476B-BF4C-1D577AB6D7B6}.Debug|Any CPU.Build.0 = Debug|Any CPU
		{DFF63643-5369-476B-BF4C-1D577AB6D7B6}.Release|Any CPU.ActiveCfg = Release|Any CPU
		{DFF63643-5369-476B-BF4C-1D577AB6D7B6}.Release|Any CPU.Build.0 = Release|Any CPU
	EndGlobalSection
	GlobalSection(SolutionProperties) = preSolution
		HideSolutionNode = FALSE
	EndGlobalSection
	GlobalSection(ExtensibilityGlobals) = postSolution
		SolutionGuid = {8F3D6E86-9F5D-4013-BACE-9E9400925167}
	EndGlobalSection
EndGlobal
